
Microsoft Visual Studio Solution File, Format Version 12.00
# Visual Studio Version 16
VisualStudioVersion = 16.0.31005.135
MinimumVisualStudioVersion = 10.0.40219.1
Project("{FAE04EC0-301F-11D3-BF4B-00C04F79EFBC}") = "SER.Models", "SER.Models.csproj", "{4E25A0F6-76CA-4098-A8B1-71F5244172C1}"
EndProject
Global
	GlobalSection(SolutionConfigurationPlatforms) = preSolution
		Debug|Any CPU = Debug|Any CPU
		Release|Any CPU = Release|Any CPU
	EndGlobalSection
	GlobalSection(ProjectConfigurationPlatforms) = postSolution
		{4E25A0F6-76CA-4098-A8B1-71F5244172C1}.Debug|Any CPU.ActiveCfg = Debug|Any CPU
		{4E25A0F6-76CA-4098-A8B1-71F5244172C1}.Debug|Any CPU.Build.0 = Debug|Any CPU
		{4E25A0F6-76CA-4098-A8B1-71F5244172C1}.Release|Any CPU.ActiveCfg = Release|Any CPU
		{4E25A0F6-76CA-4098-A8B1-71F5244172C1}.Release|Any CPU.Build.0 = Release|Any CPU
	EndGlobalSection
	GlobalSection(SolutionProperties) = preSolution
		HideSolutionNode = FALSE
	EndGlobalSection
	GlobalSection(ExtensibilityGlobals) = postSolution
		SolutionGuid = {4CB53921-3D29-44FC-ACCE-3229D1AF884C}
	EndGlobalSection
EndGlobal
